<?xml version="1.0" encoding="utf-8"?>
<Project ToolsVersion="4.0" xmlns="http://schemas.microsoft.com/developer/msbuild/2003">
  <ItemGroup>
    <Filter Include="Engine">
      <UniqueIdentifier>{259c8225-871b-475f-8955-56ef5ed74939}</UniqueIdentifier>
    </Filter>
    <Filter Include="Engine\Platform">
      <UniqueIdentifier>{d5f1bdfc-909c-49b2-aaf1-7b6aba3989ef}</UniqueIdentifier>
    </Filter>
    <Filter Include="Engine\Platform\Win32">
      <UniqueIdentifier>{597baa6d-17ea-47c0-8b5f-ab09e3963739}</UniqueIdentifier>
    </Filter>
    <Filter Include="Engine\Graphics">
      <UniqueIdentifier>{a2330ec1-279c-4a03-83a6-af54320ab9b7}</UniqueIdentifier>
    </Filter>
    <Filter Include="Engine\Graphics\RenderAPI">
      <UniqueIdentifier>{88dba170-a400-441b-aa38-b7e0728f09c7}</UniqueIdentifier>
    </Filter>
    <Filter Include="Test">
      <UniqueIdentifier>{a4952538-41b2-443b-a0c9-da9be195067e}</UniqueIdentifier>
    </Filter>
    <Filter Include="Engine\Common">
      <UniqueIdentifier>{92845372-3bd3-4ab1-b833-e82b24e5addf}</UniqueIdentifier>
    </Filter>
    <Filter Include="Engine\Graphics\RenderAPI\DX11">
      <UniqueIdentifier>{d40f6146-0a68-4318-bf93-37d2a97d3b2f}</UniqueIdentifier>
    </Filter>
  </ItemGroup>
  <ItemGroup>
    <ClCompile Include="Source\Engine\Platform\Win32\Window.cpp">
      <Filter>Engine\Platform\Win32</Filter>
    </ClCompile>
    <ClCompile Include="Test.cpp">
      <Filter>Test</Filter>
    </ClCompile>
    <ClCompile Include="Source\Engine\Graphics\RenderAPI\IRenderAPI.cpp">
      <Filter>Engine\Graphics\RenderAPI</Filter>
    </ClCompile>
    <ClCompile Include="Source\Engine\Graphics\RenderAPI\DX11\DX11VertexBuffer.cpp">
      <Filter>Engine\Graphics\RenderAPI\DX11</Filter>
    </ClCompile>
    <ClCompile Include="Source\Engine\Graphics\RenderAPI\DX11\DX11RenderAPI.cpp">
      <Filter>Engine\Graphics\RenderAPI\DX11</Filter>
    </ClCompile>
    <ClCompile Include="Source\Engine\Graphics\RenderAPI\DX11\DX11IndexBuffer.cpp">
      <Filter>Engine\Graphics\RenderAPI\DX11</Filter>
    </ClCompile>
  </ItemGroup>
  <ItemGroup>
    <ClInclude Include="Include\Engine\Platform\Win32\Window.h">
      <Filter>Engine\Platform\Win32</Filter>
    </ClInclude>
    <ClInclude Include="Include\Engine\Graphics\RenderAPI\IRenderAPI.h">
      <Filter>Engine\Graphics\RenderAPI</Filter>
    </ClInclude>
    <ClInclude Include="Include\Engine\Common\IWindowHandle.h">
      <Filter>Engine\Common</Filter>
    </ClInclude>
    <ClInclude Include="Include\Engine\Graphics\RenderAPI\IViewport.h">
      <Filter>Engine\Graphics\RenderAPI</Filter>
    </ClInclude>
    <ClInclude Include="Include\Engine\Graphics\RenderAPI\IVertexBuffer.h">
      <Filter>Engine\Graphics\RenderAPI</Filter>
    </ClInclude>
    <ClInclude Include="Include\Engine\Graphics\RenderAPI\IIndexBuffer.h">
      <Filter>Engine\Graphics\RenderAPI</Filter>
    </ClInclude>
    <ClInclude Include="Include\Engine\Graphics\RenderAPI\DX11\DX11RenderAPI.h">
      <Filter>Engine\Graphics\RenderAPI\DX11</Filter>
    </ClInclude>
    <ClInclude Include="Include\Engine\Graphics\RenderAPI\BackEnd.h">
      <Filter>Engine\Graphics\RenderAPI</Filter>
    </ClInclude>
    <ClInclude Include="Include\Engine\Graphics\RenderAPI\DX11\DX11VertexBuffer.h">
      <Filter>Engine\Graphics\RenderAPI\DX11</Filter>
    </ClInclude>
    <ClInclude Include="Include\Engine\Graphics\RenderAPI\DX11\DX11IndexBuffer.h">
      <Filter>Engine\Graphics\RenderAPI\DX11</Filter>
    </ClInclude>
  </ItemGroup>
</Project>